
Microsoft Visual Studio Solution File, Format Version 11.00
# Visual Studio 2010
Project("{FAE04EC0-301F-11D3-BF4B-00C04F79EFBC}") = "Survival", "Survival\Survival\Survival.csproj", "{08FB4BA7-34A6-4176-9778-5F3D73723DD7}"
EndProject
Project("{FAE04EC0-301F-11D3-BF4B-00C04F79EFBC}") = "SurvivalContent", "Survival\SurvivalContent\SurvivalContent.contentproj", "{52C7ED41-FC81-4565-B3F6-87677A152579}"
EndProject
Project("{FAE04EC0-301F-11D3-BF4B-00C04F79EFBC}") = "SurvivalTesting", "SurvivalTesting\SurvivalTesting.csproj", "{0000EEB3-24F5-4EC1-9D84-FE38C28CD070}"
EndProject
Project("{2150E333-8FDC-42A3-9474-1A3956D46DE8}") = "Solution Items", "Solution Items", "{E7341D2B-CE1D-43DB-AF9E-75648301F4C0}"
	ProjectSection(SolutionItems) = preProject
		Local.testsettings = Local.testsettings
		Survival.vsmdi = Survival.vsmdi
		TraceAndTestImpact.testsettings = TraceAndTestImpact.testsettings
	EndProjectSection
EndProject
Global
	GlobalSection(TestCaseManagementSettings) = postSolution
		CategoryFile = Survival.vsmdi
	EndGlobalSection
	GlobalSection(SolutionConfigurationPlatforms) = preSolution
		Debug|Any CPU = Debug|Any CPU
		Debug|Mixed Platforms = Debug|Mixed Platforms
		Debug|x86 = Debug|x86
		Release|Any CPU = Release|Any CPU
		Release|Mixed Platforms = Release|Mixed Platforms
		Release|x86 = Release|x86
	EndGlobalSection
	GlobalSection(ProjectConfigurationPlatforms) = postSolution
		{08FB4BA7-34A6-4176-9778-5F3D73723DD7}.Debug|Any CPU.ActiveCfg = Debug|x86
		{08FB4BA7-34A6-4176-9778-5F3D73723DD7}.Debug|Mixed Platforms.ActiveCfg = Debug|x86
		{08FB4BA7-34A6-4176-9778-5F3D73723DD7}.Debug|Mixed Platforms.Build.0 = Debug|x86
		{08FB4BA7-34A6-4176-9778-5F3D73723DD7}.Debug|x86.ActiveCfg = Debug|x86
		{08FB4BA7-34A6-4176-9778-5F3D73723DD7}.Debug|x86.Build.0 = Debug|x86
		{08FB4BA7-34A6-4176-9778-5F3D73723DD7}.Release|Any CPU.ActiveCfg = Release|x86
		{08FB4BA7-34A6-4176-9778-5F3D73723DD7}.Release|Mixed Platforms.ActiveCfg = Release|x86
		{08FB4BA7-34A6-4176-9778-5F3D73723DD7}.Release|Mixed Platforms.Build.0 = Release|x86
		{08FB4BA7-34A6-4176-9778-5F3D73723DD7}.Release|x86.ActiveCfg = Release|x86
		{08FB4BA7-34A6-4176-9778-5F3D73723DD7}.Release|x86.Build.0 = Release|x86
		{52C7ED41-FC81-4565-B3F6-87677A152579}.Debug|Any CPU.ActiveCfg = Debug|x86
		{52C7ED41-FC81-4565-B3F6-87677A152579}.Debug|Mixed Platforms.ActiveCfg = Debug|x86
		{52C7ED41-FC81-4565-B3F6-87677A152579}.Debug|x86.ActiveCfg = Debug|x86
		{52C7ED41-FC81-4565-B3F6-87677A152579}.Release|Any CPU.ActiveCfg = Release|x86
		{52C7ED41-FC81-4565-B3F6-87677A152579}.Release|Mixed Platforms.ActiveCfg = Release|x86
		{52C7ED41-FC81-4565-B3F6-87677A152579}.Release|x86.ActiveCfg = Release|x86
		{0000EEB3-24F5-4EC1-9D84-FE38C28CD070}.Debug|Any CPU.ActiveCfg = Debug|Any CPU
		{0000EEB3-24F5-4EC1-9D84-FE38C28CD070}.Debug|Any CPU.Build.0 = Debug|Any CPU
		{0000EEB3-24F5-4EC1-9D84-FE38C28CD070}.Debug|Mixed Platforms.ActiveCfg = Debug|Any CPU
		{0000EEB3-24F5-4EC1-9D84-FE38C28CD070}.Debug|Mixed Platforms.Build.0 = Debug|Any CPU
		{0000EEB3-24F5-4EC1-9D84-FE38C28CD070}.Debug|x86.ActiveCfg = Debug|Any CPU
		{0000EEB3-24F5-4EC1-9D84-FE38C28CD070}.Release|Any CPU.ActiveCfg = Release|Any CPU
		{0000EEB3-24F5-4EC1-9D84-FE38C28CD070}.Release|Any CPU.Build.0 = Release|Any CPU
		{0000EEB3-24F5-4EC1-9D84-FE38C28CD070}.Release|Mixed Platforms.ActiveCfg = Release|Any CPU
		{0000EEB3-24F5-4EC1-9D84-FE38C28CD070}.Release|Mixed Platforms.Build.0 = Release|Any CPU
		{0000EEB3-24F5-4EC1-9D84-FE38C28CD070}.Release|x86.ActiveCfg = Release|Any CPU
	EndGlobalSection
	GlobalSection(SolutionProperties) = preSolution
		HideSolutionNode = FALSE
	EndGlobalSection
EndGlobal
